
Microsoft Visual Studio Solution File, Format Version 12.00
# Visual Studio 15
VisualStudioVersion = 15.0.26730.16
MinimumVisualStudioVersion = 10.0.40219.1
Project("{FAE04EC0-301F-11D3-BF4B-00C04F79EFBC}") = "pingpong", "Game5\pingpong.csproj", "{ABA314AB-BA92-4204-A894-3D78F8BE781F}"
EndProject
Global
	GlobalSection(SolutionConfigurationPlatforms) = preSolution
		Debug|x86 = Debug|x86
		Release|x86 = Release|x86
	EndGlobalSection
	GlobalSection(ProjectConfigurationPlatforms) = postSolution
		{ABA314AB-BA92-4204-A894-3D78F8BE781F}.Debug|x86.ActiveCfg = Debug|x86
		{ABA314AB-BA92-4204-A894-3D78F8BE781F}.Debug|x86.Build.0 = Debug|x86
		{ABA314AB-BA92-4204-A894-3D78F8BE781F}.Release|x86.ActiveCfg = Release|x86
		{ABA314AB-BA92-4204-A894-3D78F8BE781F}.Release|x86.Build.0 = Release|x86
	EndGlobalSection
	GlobalSection(SolutionProperties) = preSolution
		HideSolutionNode = FALSE
	EndGlobalSection
	GlobalSection(ExtensibilityGlobals) = postSolution
		SolutionGuid = {D7411F06-6FF7-424A-A1E9-3A5D623D8417}
	EndGlobalSection
EndGlobal
